PODS:
  - Google-Mobile-Ads-SDK (7.36.0)
  - PersonalizedAdConsent (1.0.3)

DEPENDENCIES:
  - Google-Mobile-Ads-SDK
  - PersonalizedAdConsent

SPEC REPOS:
  https://github.com/cocoapods/specs.git:
    - Google-Mobile-Ads-SDK
    - PersonalizedAdConsent

SPEC CHECKSUMS:
  Google-Mobile-Ads-SDK: 5bb4d2cea811842e104a24780caef63b4808e1bd
  PersonalizedAdConsent: b50a8a5d6065b6db23121e8fcc0dce2ae983f6ea

PODFILE CHECKSUM: 09ac039415ba50b9a442eb3fcd157e9775a28691

COCOAPODS: 1.5.3
