// !$*UTF8*$!
{
	archiveVersion = 1;
	classes = {
	};
	objectVersion = 46;
	objects = {

/* Begin PBXBuildFile section */
		0415D22AF4A20E7C0EFF2991 /* Pods_SwiftyAdExample.framework in Frameworks */ = {isa = PBXBuildFile; fileRef = 60BA28B43E2218213054A068 /* Pods_SwiftyAdExample.framework */; };
		6AA131EB22971BA10040CDF3 /* SwiftyAd+Banner.swift in Sources */ = {isa = PBXBuildFile; fileRef = 6AA131EA22971BA10040CDF3 /* SwiftyAd+Banner.swift */; };
		6AA131ED22971C4F0040CDF3 /* SwiftyAd+Interstitial.swift in Sources */ = {isa = PBXBuildFile; fileRef = 6AA131EC22971C4F0040CDF3 /* SwiftyAd+Interstitial.swift */; };
		6AA131EF22971C8D0040CDF3 /* SwiftyAd+Rewarded.swift in Sources */ = {isa = PBXBuildFile; fileRef = 6AA131EE22971C8D0040CDF3 /* SwiftyAd+Rewarded.swift */; };
		6AE4831B2294B8120063B22F /* SwiftyAdConsentManager.swift in Sources */ = {isa = PBXBuildFile; fileRef = 6AE483102294B8120063B22F /* SwiftyAdConsentManager.swift */; };
		6AE4831C2294B8120063B22F /* SwiftyAd.plist in Resources */ = {isa = PBXBuildFile; fileRef = 6AE483112294B8120063B22F /* SwiftyAd.plist */; };
		6AE4831D2294B8120063B22F /* Localizable.strings in Resources */ = {isa = PBXBuildFile; fileRef = 6AE483132294B8120063B22F /* Localizable.strings */; };
		6AE4831E2294B8120063B22F /* AdConfiguration.swift in Sources */ = {isa = PBXBuildFile; fileRef = 6AE483152294B8120063B22F /* AdConfiguration.swift */; };
		6AE4831F2294B8120063B22F /* LocalizedString.swift in Sources */ = {isa = PBXBuildFile; fileRef = 6AE483162294B8120063B22F /* LocalizedString.swift */; };
		6AE483202294B8120063B22F /* ConsentConfiguration.swift in Sources */ = {isa = PBXBuildFile; fileRef = 6AE483172294B8120063B22F /* ConsentConfiguration.swift */; };
		6AE483242294B9260063B22F /* SwiftyAd.swift in Sources */ = {isa = PBXBuildFile; fileRef = 6AE483232294B9260063B22F /* SwiftyAd.swift */; };
		B418D9E11E44B42000DD6C15 /* Images.xcassets in Resources */ = {isa = PBXBuildFile; fileRef = B418D9E01E44B42000DD6C15 /* Images.xcassets */; };
		B4B01A191B9A0AF500F9A8EA /* AppDelegate.swift in Sources */ = {isa = PBXBuildFile; fileRef = B4B01A181B9A0AF500F9A8EA /* AppDelegate.swift */; };
		B4B01A1F1B9A0AF500F9A8EA /* GameViewController.swift in Sources */ = {isa = PBXBuildFile; fileRef = B4B01A1E1B9A0AF500F9A8EA /* GameViewController.swift */; };
		B4DA75781E4CBEDA00A52B0E /* Main.storyboard in Resources */ = {isa = PBXBuildFile; fileRef = B4DA75751E4CBEDA00A52B0E /* Main.storyboard */; };
		B4F4EE111DA3F7BC00C6FEC0 /* GameScene.sks in Resources */ = {isa = PBXBuildFile; fileRef = B4F4EE0F1DA3F7BC00C6FEC0 /* GameScene.sks */; };
		B4F4EE131DA3F7BC00C6FEC0 /* GameScene.swift in Sources */ = {isa = PBXBuildFile; fileRef = B4F4EE101DA3F7BC00C6FEC0 /* GameScene.swift */; };
/* End PBXBuildFile section */

/* Begin PBXFileReference section */
		60BA28B43E2218213054A068 /* Pods_SwiftyAdExample.framework */ = {isa = PBXFileReference; explicitFileType = wrapper.framework; includeInIndex = 0; path = Pods_SwiftyAdExample.framework; sourceTree = BUILT_PRODUCTS_DIR; };
		6AA131EA22971BA10040CDF3 /* SwiftyAd+Banner.swift */ = {isa = PBXFileReference; lastKnownFileType = sourcecode.swift; path = "SwiftyAd+Banner.swift"; sourceTree = "<group>"; };
		6AA131EC22971C4F0040CDF3 /* SwiftyAd+Interstitial.swift */ = {isa = PBXFileReference; lastKnownFileType = sourcecode.swift; path = "SwiftyAd+Interstitial.swift"; sourceTree = "<group>"; };
		6AA131EE22971C8D0040CDF3 /* SwiftyAd+Rewarded.swift */ = {isa = PBXFileReference; lastKnownFileType = sourcecode.swift; path = "SwiftyAd+Rewarded.swift"; sourceTree = "<group>"; };
		6AE483102294B8120063B22F /* SwiftyAdConsentManager.swift */ = {isa = PBXFileReference; fileEncoding = 4; lastKnownFileType = sourcecode.swift; path = SwiftyAdConsentManager.swift; sourceTree = "<group>"; };
		6AE483112294B8120063B22F /* SwiftyAd.plist */ = {isa = PBXFileReference; fileEncoding = 4; lastKnownFileType = text.plist.xml; path = SwiftyAd.plist; sourceTree = "<group>"; };
		6AE483142294B8120063B22F /* en */ = {isa = PBXFileReference; lastKnownFileType = text.plist.strings; name = en; path = en.lproj/Localizable.strings; sourceTree = "<group>"; };
		6AE483152294B8120063B22F /* AdConfiguration.swift */ = {isa = PBXFileReference; fileEncoding = 4; lastKnownFileType = sourcecode.swift; path = AdConfiguration.swift; sourceTree = "<group>"; };
		6AE483162294B8120063B22F /* LocalizedString.swift */ = {isa = PBXFileReference; fileEncoding = 4; lastKnownFileType = sourcecode.swift; path = LocalizedString.swift; sourceTree = "<group>"; };
		6AE483172294B8120063B22F /* ConsentConfiguration.swift */ = {isa = PBXFileReference; fileEncoding = 4; lastKnownFileType = sourcecode.swift; path = ConsentConfiguration.swift; sourceTree = "<group>"; };
		6AE483232294B9260063B22F /* SwiftyAd.swift */ = {isa = PBXFileReference; fileEncoding = 4; lastKnownFileType = sourcecode.swift; path = SwiftyAd.swift; sourceTree = "<group>"; };
		B418D9E01E44B42000DD6C15 /* Images.xcassets */ = {isa = PBXFileReference; lastKnownFileType = folder.assetcatalog; path = Images.xcassets; sourceTree = "<group>"; };
		B4B01A131B9A0AF500F9A8EA /* SwiftyAdExample.app */ = {isa = PBXFileReference; explicitFileType = wrapper.application; includeInIndex = 0; path = SwiftyAdExample.app; sourceTree = BUILT_PRODUCTS_DIR; };
		B4B01A171B9A0AF500F9A8EA /* Info.plist */ = {isa = PBXFileReference; lastKnownFileType = text.plist.xml; name = Info.plist; path = SwiftyAdExample/Info.plist; sourceTree = SOURCE_ROOT; };
		B4B01A181B9A0AF500F9A8EA /* AppDelegate.swift */ = {isa = PBXFileReference; lastKnownFileType = sourcecode.swift; name = AppDelegate.swift; path = SwiftyAdExample/AppDelegate.swift; sourceTree = SOURCE_ROOT; };
		B4B01A1E1B9A0AF500F9A8EA /* GameViewController.swift */ = {isa = PBXFileReference; lastKnownFileType = sourcecode.swift; name = GameViewController.swift; path = SwiftyAdExample/GameViewController.swift; sourceTree = SOURCE_ROOT; };
		B4DA75761E4CBEDA00A52B0E /* Base */ = {isa = PBXFileReference; lastKnownFileType = file.storyboard; name = Base; path = Base.lproj/Main.storyboard; sourceTree = "<group>"; };
		B4F4EE0F1DA3F7BC00C6FEC0 /* GameScene.sks */ = {isa = PBXFileReference; lastKnownFileType = file.sks; path = GameScene.sks; sourceTree = "<group>"; };
		B4F4EE101DA3F7BC00C6FEC0 /* GameScene.swift */ = {isa = PBXFileReference; fileEncoding = 4; lastKnownFileType = sourcecode.swift; path = GameScene.swift; sourceTree = "<group>"; };
		D8C3B9F30B97AD7F0B279A1C /* Pods-SwiftyAdExample.release.xcconfig */ = {isa = PBXFileReference; includeInIndex = 1; lastKnownFileType = text.xcconfig; name = "Pods-SwiftyAdExample.release.xcconfig"; path = "Pods/Target Support Files/Pods-SwiftyAdExample/Pods-SwiftyAdExample.release.xcconfig"; sourceTree = "<group>"; };
		F0CE8E09F8705B08A754E481 /* Pods-SwiftyAdExample.debug.xcconfig */ = {isa = PBXFileReference; includeInIndex = 1; lastKnownFileType = text.xcconfig; name = "Pods-SwiftyAdExample.debug.xcconfig"; path = "Pods/Target Support Files/Pods-SwiftyAdExample/Pods-SwiftyAdExample.debug.xcconfig"; sourceTree = "<group>"; };
/* End PBXFileReference section */

/* Begin PBXFrameworksBuildPhase section */
		B4B01A101B9A0AF500F9A8EA /* Frameworks */ = {
			isa = PBXFrameworksBuildPhase;
			buildActionMask = 2147483647;
			files = (
				0415D22AF4A20E7C0EFF2991 /* Pods_SwiftyAdExample.framework in Frameworks */,
			);
			runOnlyForDeploymentPostprocessing = 0;
		};
/* End PBXFrameworksBuildPhase section */

/* Begin PBXGroup section */
		50EE868FBF4303E359C69933 /* Pods */ = {
			isa = PBXGroup;
			children = (
				F0CE8E09F8705B08A754E481 /* Pods-SwiftyAdExample.debug.xcconfig */,
				D8C3B9F30B97AD7F0B279A1C /* Pods-SwiftyAdExample.release.xcconfig */,
			);
			name = Pods;
			sourceTree = "<group>";
		};
		6AE4830F2294B8120063B22F /* SwiftyAd */ = {
			isa = PBXGroup;
			children = (
				6AE483102294B8120063B22F /* SwiftyAdConsentManager.swift */,
				6AE483232294B9260063B22F /* SwiftyAd.swift */,
				6AA131EA22971BA10040CDF3 /* SwiftyAd+Banner.swift */,
				6AA131EC22971C4F0040CDF3 /* SwiftyAd+Interstitial.swift */,
				6AA131EE22971C8D0040CDF3 /* SwiftyAd+Rewarded.swift */,
				6AE483112294B8120063B22F /* SwiftyAd.plist */,
				6AE483122294B8120063B22F /* Internal */,
			);
			name = SwiftyAd;
			path = ../SwiftyAd;
			sourceTree = "<group>";
		};
		6AE483122294B8120063B22F /* Internal */ = {
			isa = PBXGroup;
			children = (
				6AE483132294B8120063B22F /* Localizable.strings */,
				6AE483152294B8120063B22F /* AdConfiguration.swift */,
				6AE483162294B8120063B22F /* LocalizedString.swift */,
				6AE483172294B8120063B22F /* ConsentConfiguration.swift */,
			);
			path = Internal;
			sourceTree = "<group>";
		};
		947B71864618DC3F471261D3 /* Frameworks */ = {
			isa = PBXGroup;
			children = (
				60BA28B43E2218213054A068 /* Pods_SwiftyAdExample.framework */,
			);
			name = Frameworks;
			sourceTree = "<group>";
		};
		B4B01A0A1B9A0AF500F9A8EA = {
			isa = PBXGroup;
			children = (
				6AE4830F2294B8120063B22F /* SwiftyAd */,
				B4C060D51D1EB676004A3BA8 /* SwiftyAdExample */,
				B4B01A141B9A0AF500F9A8EA /* Products */,
				50EE868FBF4303E359C69933 /* Pods */,
				947B71864618DC3F471261D3 /* Frameworks */,
			);
			sourceTree = "<group>";
		};
		B4B01A141B9A0AF500F9A8EA /* Products */ = {
			isa = PBXGroup;
			children = (
				B4B01A131B9A0AF500F9A8EA /* SwiftyAdExample.app */,
			);
			name = Products;
			sourceTree = "<group>";
		};
		B4C060D51D1EB676004A3BA8 /* SwiftyAdExample */ = {
			isa = PBXGroup;
			children = (
				B4B01A181B9A0AF500F9A8EA /* AppDelegate.swift */,
				B4B01A1E1B9A0AF500F9A8EA /* GameViewController.swift */,
				B4F4EE101DA3F7BC00C6FEC0 /* GameScene.swift */,
				B4F4EE0F1DA3F7BC00C6FEC0 /* GameScene.sks */,
				B4DA75751E4CBEDA00A52B0E /* Main.storyboard */,
				B418D9E01E44B42000DD6C15 /* Images.xcassets */,
				B4B01A171B9A0AF500F9A8EA /* Info.plist */,
			);
			path = SwiftyAdExample;
			sourceTree = "<group>";
		};
/* End PBXGroup section */

/* Begin PBXNativeTarget section */
		B4B01A121B9A0AF500F9A8EA /* SwiftyAdExample */ = {
			isa = PBXNativeTarget;
			buildConfigurationList = B4B01A361B9A0AF500F9A8EA /* Build configuration list for PBXNativeTarget "SwiftyAdExample" */;
			buildPhases = (
				9E2430265B52201036E331CB /* [CP] Check Pods Manifest.lock */,
				B4B01A0F1B9A0AF500F9A8EA /* Sources */,
				B4B01A101B9A0AF500F9A8EA /* Frameworks */,
				B4B01A111B9A0AF500F9A8EA /* Resources */,
				D52A53180E02F3AD448216EF /* [CP] Embed Pods Frameworks */,
			);
			buildRules = (
			);
			dependencies = (
			);
			name = SwiftyAdExample;
			productName = "iAds and AdMob Helper";
			productReference = B4B01A131B9A0AF500F9A8EA /* SwiftyAdExample.app */;
			productType = "com.apple.product-type.application";
		};
/* End PBXNativeTarget section */

/* Begin PBXProject section */
		B4B01A0B1B9A0AF500F9A8EA /* Project object */ = {
			isa = PBXProject;
			attributes = {
				LastSwiftMigration = 0700;
				LastSwiftUpdateCheck = 0730;
				LastUpgradeCheck = 1020;
				ORGANIZATIONNAME = Dominik;
				TargetAttributes = {
					B4B01A121B9A0AF500F9A8EA = {
						CreatedOnToolsVersion = 6.4;
						LastSwiftMigration = 1020;
					};
				};
			};
			buildConfigurationList = B4B01A0E1B9A0AF500F9A8EA /* Build configuration list for PBXProject "SwiftyAdExample" */;
			compatibilityVersion = "Xcode 3.2";
			developmentRegion = en;
			hasScannedForEncodings = 0;
			knownRegions = (
				en,
				Base,
			);
			mainGroup = B4B01A0A1B9A0AF500F9A8EA;
			productRefGroup = B4B01A141B9A0AF500F9A8EA /* Products */;
			projectDirPath = "";
			projectRoot = "";
			targets = (
				B4B01A121B9A0AF500F9A8EA /* SwiftyAdExample */,
			);
		};
/* End PBXProject section */

/* Begin PBXResourcesBuildPhase section */
		B4B01A111B9A0AF500F9A8EA /* Resources */ = {
			isa = PBXResourcesBuildPhase;
			buildActionMask = 2147483647;
			files = (
				B4F4EE111DA3F7BC00C6FEC0 /* GameScene.sks in Resources */,
				6AE4831D2294B8120063B22F /* Localizable.strings in Resources */,
				6AE4831C2294B8120063B22F /* SwiftyAd.plist in Resources */,
				B418D9E11E44B42000DD6C15 /* Images.xcassets in Resources */,
				B4DA75781E4CBEDA00A52B0E /* Main.storyboard in Resources */,
			);
			runOnlyForDeploymentPostprocessing = 0;
		};
/* End PBXResourcesBuildPhase section */

/* Begin PBXShellScriptBuildPhase section */
		9E2430265B52201036E331CB /* [CP] Check Pods Manifest.lock */ = {
			isa = PBXShellScriptBuildPhase;
			buildActionMask = 2147483647;
			files = (
			);
			inputPaths = (
				"${PODS_PODFILE_DIR_PATH}/Podfile.lock",
				"${PODS_ROOT}/Manifest.lock",
			);
			name = "[CP] Check Pods Manifest.lock";
			outputPaths = (
				"$(DERIVED_FILE_DIR)/Pods-SwiftyAdExample-checkManifestLockResult.txt",
			);
			runOnlyForDeploymentPostprocessing = 0;
			shellPath = /bin/sh;
			shellScript = "diff \"${PODS_PODFILE_DIR_PATH}/Podfile.lock\" \"${PODS_ROOT}/Manifest.lock\" > /dev/null\nif [ $? != 0 ] ; then\n    # print error to STDERR\n    echo \"error: The sandbox is not in sync with the Podfile.lock. Run 'pod install' or update your CocoaPods installation.\" >&2\n    exit 1\nfi\n# This output is used by Xcode 'outputs' to avoid re-running this script phase.\necho \"SUCCESS\" > \"${SCRIPT_OUTPUT_FILE_0}\"\n";
			showEnvVarsInLog = 0;
		};
		D52A53180E02F3AD448216EF /* [CP] Embed Pods Frameworks */ = {
			isa = PBXShellScriptBuildPhase;
			buildActionMask = 2147483647;
			files = (
			);
			inputPaths = (
				"${PODS_ROOT}/Target Support Files/Pods-SwiftyAdExample/Pods-SwiftyAdExample-frameworks.sh",
				"${BUILT_PRODUCTS_DIR}/GoogleUtilities/GoogleUtilities.framework",
				"${BUILT_PRODUCTS_DIR}/PersonalizedAdConsent/PersonalizedAdConsent.framework",
				"${BUILT_PRODUCTS_DIR}/nanopb/nanopb.framework",
			);
			name = "[CP] Embed Pods Frameworks";
			outputPaths = (
				"${TARGET_BUILD_DIR}/${FRAMEWORKS_FOLDER_PATH}/GoogleUtilities.framework",
				"${TARGET_BUILD_DIR}/${FRAMEWORKS_FOLDER_PATH}/PersonalizedAdConsent.framework",
				"${TARGET_BUILD_DIR}/${FRAMEWORKS_FOLDER_PATH}/nanopb.framework",
			);
			runOnlyForDeploymentPostprocessing = 0;
			shellPath = /bin/sh;
			shellScript = "\"${PODS_ROOT}/Target Support Files/Pods-SwiftyAdExample/Pods-SwiftyAdExample-frameworks.sh\"\n";
			showEnvVarsInLog = 0;
		};
/* End PBXShellScriptBuildPhase section */

/* Begin PBXSourcesBuildPhase section */
		B4B01A0F1B9A0AF500F9A8EA /* Sources */ = {
			isa = PBXSourcesBuildPhase;
			buildActionMask = 2147483647;
			files = (
				B4B01A1F1B9A0AF500F9A8EA /* GameViewController.swift in Sources */,
				6AA131EF22971C8D0040CDF3 /* SwiftyAd+Rewarded.swift in Sources */,
				B4B01A191B9A0AF500F9A8EA /* AppDelegate.swift in Sources */,
				6AE4831F2294B8120063B22F /* LocalizedString.swift in Sources */,
				B4F4EE131DA3F7BC00C6FEC0 /* GameScene.swift in Sources */,
				6AA131EB22971BA10040CDF3 /* SwiftyAd+Banner.swift in Sources */,
				6AE483242294B9260063B22F /* SwiftyAd.swift in Sources */,
				6AE4831B2294B8120063B22F /* SwiftyAdConsentManager.swift in Sources */,
				6AA131ED22971C4F0040CDF3 /* SwiftyAd+Interstitial.swift in Sources */,
				6AE483202294B8120063B22F /* ConsentConfiguration.swift in Sources */,
				6AE4831E2294B8120063B22F /* AdConfiguration.swift in Sources */,
			);
			runOnlyForDeploymentPostprocessing = 0;
		};
/* End PBXSourcesBuildPhase section */

/* Begin PBXVariantGroup section */
		6AE483132294B8120063B22F /* Localizable.strings */ = {
			isa = PBXVariantGroup;
			children = (
				6AE483142294B8120063B22F /* en */,
			);
			name = Localizable.strings;
			sourceTree = "<group>";
		};
		B4DA75751E4CBEDA00A52B0E /* Main.storyboard */ = {
			isa = PBXVariantGroup;
			children = (
				B4DA75761E4CBEDA00A52B0E /* Base */,
			);
			name = Main.storyboard;
			sourceTree = "<group>";
		};
/* End PBXVariantGroup section */

/* Begin XCBuildConfiguration section */
		B4B01A341B9A0AF500F9A8EA /* Debug */ = {
			isa = XCBuildConfiguration;
			buildSettings = {
				ALWAYS_SEARCH_USER_PATHS = NO;
				CLANG_CXX_LANGUAGE_STANDARD = "gnu++0x";
				CLANG_CXX_LIBRARY = "libc++";
				CLANG_ENABLE_MODULES = YES;
				CLANG_ENABLE_OBJC_ARC = YES;
				CLANG_WARN_BLOCK_CAPTURE_AUTORELEASING = YES;
				CLANG_WARN_BOOL_CONVERSION = YES;
				CLANG_WARN_COMMA = YES;
				CLANG_WARN_CONSTANT_CONVERSION = YES;
				CLANG_WARN_DEPRECATED_OBJC_IMPLEMENTATIONS = YES;
				CLANG_WARN_DIRECT_OBJC_ISA_USAGE = YES_ERROR;
				CLANG_WARN_EMPTY_BODY = YES;
				CLANG_WARN_ENUM_CONVERSION = YES;
				CLANG_WARN_INFINITE_RECURSION = YES;
				CLANG_WARN_INT_CONVERSION = YES;
				CLANG_WARN_NON_LITERAL_NULL_CONVERSION = YES;
				CLANG_WARN_OBJC_IMPLICIT_RETAIN_SELF = YES;
				CLANG_WARN_OBJC_LITERAL_CONVERSION = YES;
				CLANG_WARN_OBJC_ROOT_CLASS = YES_ERROR;
				CLANG_WARN_RANGE_LOOP_ANALYSIS = YES;
				CLANG_WARN_STRICT_PROTOTYPES = YES;
				CLANG_WARN_SUSPICIOUS_MOVE = YES;
				CLANG_WARN_UNREACHABLE_CODE = YES;
				CLANG_WARN__DUPLICATE_METHOD_MATCH = YES;
				"CODE_SIGN_IDENTITY[sdk=iphoneos*]" = "iPhone Developer";
				COPY_PHASE_STRIP = NO;
				DEBUG_INFORMATION_FORMAT = "dwarf-with-dsym";
				ENABLE_BITCODE = NO;
				ENABLE_STRICT_OBJC_MSGSEND = YES;
				ENABLE_TESTABILITY = YES;
				GCC_C_LANGUAGE_STANDARD = gnu99;
				GCC_DYNAMIC_NO_PIC = NO;
				GCC_NO_COMMON_BLOCKS = YES;
				GCC_OPTIMIZATION_LEVEL = 0;
				GCC_PREPROCESSOR_DEFINITIONS = (
					"DEBUG=1",
					"$(inherited)",
				);
				GCC_SYMBOLS_PRIVATE_EXTERN = NO;
				GCC_WARN_64_TO_32_BIT_CONVERSION = YES;
				GCC_WARN_ABOUT_RETURN_TYPE = YES_ERROR;
				GCC_WARN_UNDECLARED_SELECTOR = YES;
				GCC_WARN_UNINITIALIZED_AUTOS = YES_AGGRESSIVE;
				GCC_WARN_UNUSED_FUNCTION = YES;
				GCC_WARN_UNUSED_VARIABLE = YES;
				IPHONEOS_DEPLOYMENT_TARGET = 10.3;
				MTL_ENABLE_DEBUG_INFO = YES;
				ONLY_ACTIVE_ARCH = YES;
				SDKROOT = iphoneos;
				SWIFT_OPTIMIZATION_LEVEL = "-Onone";
				SWIFT_VERSION = 4.0;
				TARGETED_DEVICE_FAMILY = "1,2";
			};
			name = Debug;
		};
		B4B01A351B9A0AF500F9A8EA /* Release */ = {
			isa = XCBuildConfiguration;
			buildSettings = {
				ALWAYS_SEARCH_USER_PATHS = NO;
				CLANG_CXX_LANGUAGE_STANDARD = "gnu++0x";
				CLANG_CXX_LIBRARY = "libc++";
				CLANG_ENABLE_MODULES = YES;
				CLANG_ENABLE_OBJC_ARC = YES;
				CLANG_WARN_BLOCK_CAPTURE_AUTORELEASING = YES;
				CLANG_WARN_BOOL_CONVERSION = YES;
				CLANG_WARN_COMMA = YES;
				CLANG_WARN_CONSTANT_CONVERSION = YES;
				CLANG_WARN_DEPRECATED_OBJC_IMPLEMENTATIONS = YES;
				CLANG_WARN_DIRECT_OBJC_ISA_USAGE = YES_ERROR;
				CLANG_WARN_EMPTY_BODY = YES;
				CLANG_WARN_ENUM_CONVERSION = YES;
				CLANG_WARN_INFINITE_RECURSION = YES;
				CLANG_WARN_INT_CONVERSION = YES;
				CLANG_WARN_NON_LITERAL_NULL_CONVERSION = YES;
				CLANG_WARN_OBJC_IMPLICIT_RETAIN_SELF = YES;
				CLANG_WARN_OBJC_LITERAL_CONVERSION = YES;
				CLANG_WARN_OBJC_ROOT_CLASS = YES_ERROR;
				CLANG_WARN_RANGE_LOOP_ANALYSIS = YES;
				CLANG_WARN_STRICT_PROTOTYPES = YES;
				CLANG_WARN_SUSPICIOUS_MOVE = YES;
				CLANG_WARN_UNREACHABLE_CODE = YES;
				CLANG_WARN__DUPLICATE_METHOD_MATCH = YES;
				"CODE_SIGN_IDENTITY[sdk=iphoneos*]" = "iPhone Developer";
				COPY_PHASE_STRIP = NO;
				DEBUG_INFORMATION_FORMAT = "dwarf-with-dsym";
				ENABLE_BITCODE = NO;
				ENABLE_NS_ASSERTIONS = NO;
				ENABLE_STRICT_OBJC_MSGSEND = YES;
				GCC_C_LANGUAGE_STANDARD = gnu99;
				GCC_NO_COMMON_BLOCKS = YES;
				GCC_WARN_64_TO_32_BIT_CONVERSION = YES;
				GCC_WARN_ABOUT_RETURN_TYPE = YES_ERROR;
				GCC_WARN_UNDECLARED_SELECTOR = YES;
				GCC_WARN_UNINITIALIZED_AUTOS = YES_AGGRESSIVE;
				GCC_WARN_UNUSED_FUNCTION = YES;
				GCC_WARN_UNUSED_VARIABLE = YES;
				IPHONEOS_DEPLOYMENT_TARGET = 10.3;
				MTL_ENABLE_DEBUG_INFO = NO;
				SDKROOT = iphoneos;
				SWIFT_OPTIMIZATION_LEVEL = "-Owholemodule";
				SWIFT_VERSION = 4.0;
				TARGETED_DEVICE_FAMILY = "1,2";
				VALIDATE_PRODUCT = YES;
			};
			name = Release;
		};
		B4B01A371B9A0AF500F9A8EA /* Debug */ = {
			isa = XCBuildConfiguration;
			baseConfigurationReference = F0CE8E09F8705B08A754E481 /* Pods-SwiftyAdExample.debug.xcconfig */;
			buildSettings = {
				ASSETCATALOG_COMPILER_APPICON_NAME = AppIcon;
				CODE_SIGN_IDENTITY = "iPhone Developer";
				DEVELOPMENT_TEAM = "";
				ENABLE_BITCODE = YES;
				FRAMEWORK_SEARCH_PATHS = (
					"$(inherited)",
					"$(PROJECT_DIR)",
				);
				INFOPLIST_FILE = "$(SRCROOT)/SwiftyAdExample/Info.plist";
				IPHONEOS_DEPLOYMENT_TARGET = 10.3;
				LD_RUNPATH_SEARCH_PATHS = "$(inherited) @executable_path/Frameworks";
				PRODUCT_BUNDLE_IDENTIFIER = com.dominik.SwiftyAdExample;
				PRODUCT_NAME = SwiftyAdExample;
				SWIFT_ACTIVE_COMPILATION_CONDITIONS = DEBUG;
				SWIFT_OBJC_BRIDGING_HEADER = "";
				SWIFT_VERSION = 5.0;
			};
			name = Debug;
		};
		B4B01A381B9A0AF500F9A8EA /* Release */ = {
			isa = XCBuildConfiguration;
			baseConfigurationReference = D8C3B9F30B97AD7F0B279A1C /* Pods-SwiftyAdExample.release.xcconfig */;
			buildSettings = {
				ASSETCATALOG_COMPILER_APPICON_NAME = AppIcon;
				CODE_SIGN_IDENTITY = "iPhone Developer";
				DEVELOPMENT_TEAM = "";
				ENABLE_BITCODE = YES;
				FRAMEWORK_SEARCH_PATHS = (
					"$(inherited)",
					"$(PROJECT_DIR)",
				);
				INFOPLIST_FILE = "$(SRCROOT)/SwiftyAdExample/Info.plist";
				IPHONEOS_DEPLOYMENT_TARGET = 10.3;
				LD_RUNPATH_SEARCH_PATHS = "$(inherited) @executable_path/Frameworks";
				PRODUCT_BUNDLE_IDENTIFIER = com.dominik.SwiftyAdExample;
				PRODUCT_NAME = SwiftyAdExample;
				SWIFT_OBJC_BRIDGING_HEADER = "";
				SWIFT_VERSION = 5.0;
			};
			name = Release;
		};
/* End XCBuildConfiguration section */

/* Begin XCConfigurationList section */
		B4B01A0E1B9A0AF500F9A8EA /* Build configuration list for PBXProject "SwiftyAdExample" */ = {
			isa = XCConfigurationList;
			buildConfigurations = (
				B4B01A341B9A0AF500F9A8EA /* Debug */,
				B4B01A351B9A0AF500F9A8EA /* Release */,
			);
			defaultConfigurationIsVisible = 0;
			defaultConfigurationName = Release;
		};
		B4B01A361B9A0AF500F9A8EA /* Build configuration list for PBXNativeTarget "SwiftyAdExample" */ = {
			isa = XCConfigurationList;
			buildConfigurations = (
				B4B01A371B9A0AF500F9A8EA /* Debug */,
				B4B01A381B9A0AF500F9A8EA /* Release */,
			);
			defaultConfigurationIsVisible = 0;
			defaultConfigurationName = Release;
		};
/* End XCConfigurationList section */
	};
	rootObject = B4B01A0B1B9A0AF500F9A8EA /* Project object */;
}
