// !$*UTF8*$!
{
	archiveVersion = 1;
	classes = {
	};
	objectVersion = 46;
	objects = {

/* Begin PBXBuildFile section */
		A034F499985EA7041921C3E1 /* Pods_SwiftyAds__tvOS_.framework in Frameworks */ = {isa = PBXBuildFile; fileRef = 6F4A84EB61DA087A44D4C687 /* Pods_SwiftyAds__tvOS_.framework */; };
		B41E34C21D0236950034C444 /* SwiftyAdsCustom.swift in Sources */ = {isa = PBXBuildFile; fileRef = B435FFE41CE14D1900A678AA /* SwiftyAdsCustom.swift */; };
		B41E34C31D02369C0034C444 /* SwiftyAdsManager.swift in Sources */ = {isa = PBXBuildFile; fileRef = B4B01A3C1B9A0B0700F9A8EA /* SwiftyAdsManager.swift */; };
		B435FFE11CE14C2A00A678AA /* SwiftyAdsAdMob.swift in Sources */ = {isa = PBXBuildFile; fileRef = B435FFE01CE14C2A00A678AA /* SwiftyAdsAdMob.swift */; };
		B435FFE51CE14D1900A678AA /* SwiftyAdsCustom.swift in Sources */ = {isa = PBXBuildFile; fileRef = B435FFE41CE14D1900A678AA /* SwiftyAdsCustom.swift */; };
		B43B34CD1D4AD2E50064F364 /* SwiftyAdsDelegate.swift in Sources */ = {isa = PBXBuildFile; fileRef = B43B34CC1D4AD2E50064F364 /* SwiftyAdsDelegate.swift */; };
		B43B34CE1D4AD2E50064F364 /* SwiftyAdsDelegate.swift in Sources */ = {isa = PBXBuildFile; fileRef = B43B34CC1D4AD2E50064F364 /* SwiftyAdsDelegate.swift */; };
		B452EFD91CDBF7FE009A69B5 /* GoogleMobileAds.framework in Frameworks */ = {isa = PBXBuildFile; fileRef = B452EFD81CDBF7FE009A69B5 /* GoogleMobileAds.framework */; };
		B4A0065E1CECFCF100A44575 /* AppDelegate.swift in Sources */ = {isa = PBXBuildFile; fileRef = B4A0065D1CECFCF100A44575 /* AppDelegate.swift */; };
		B4A006641CECFCF100A44575 /* GameViewController.swift in Sources */ = {isa = PBXBuildFile; fileRef = B4A006631CECFCF100A44575 /* GameViewController.swift */; };
		B4A006691CECFCF100A44575 /* Main.storyboard in Resources */ = {isa = PBXBuildFile; fileRef = B4A006671CECFCF100A44575 /* Main.storyboard */; };
		B4A0068F1CECFD4000A44575 /* applovin-tvos-sdk-3.2.0 in Resources */ = {isa = PBXBuildFile; fileRef = B4A0068E1CECFD4000A44575 /* applovin-tvos-sdk-3.2.0 */; };
		B4A006911CECFD4A00A44575 /* libAppLovinTVOS.a in Frameworks */ = {isa = PBXBuildFile; fileRef = B4A006901CECFD4A00A44575 /* libAppLovinTVOS.a */; };
		B4A006931CECFD5400A44575 /* AdSupport.framework in Frameworks */ = {isa = PBXBuildFile; fileRef = B4A006921CECFD5400A44575 /* AdSupport.framework */; };
		B4A006951CECFD5F00A44575 /* AVFoundation.framework in Frameworks */ = {isa = PBXBuildFile; fileRef = B4A006941CECFD5F00A44575 /* AVFoundation.framework */; };
		B4A006971CECFD6900A44575 /* CoreGraphics.framework in Frameworks */ = {isa = PBXBuildFile; fileRef = B4A006961CECFD6900A44575 /* CoreGraphics.framework */; };
		B4A006991CECFD6F00A44575 /* CoreMedia.framework in Frameworks */ = {isa = PBXBuildFile; fileRef = B4A006981CECFD6F00A44575 /* CoreMedia.framework */; };
		B4A0069B1CECFD7A00A44575 /* StoreKit.framework in Frameworks */ = {isa = PBXBuildFile; fileRef = B4A0069A1CECFD7A00A44575 /* StoreKit.framework */; };
		B4A0069D1CECFD8400A44575 /* SystemConfiguration.framework in Frameworks */ = {isa = PBXBuildFile; fileRef = B4A0069C1CECFD8400A44575 /* SystemConfiguration.framework */; };
		B4A0069F1CECFD8B00A44575 /* UIKit.framework in Frameworks */ = {isa = PBXBuildFile; fileRef = B4A0069E1CECFD8B00A44575 /* UIKit.framework */; };
		B4A006A11CECFDF400A44575 /* SwiftyAdsAppLovin.swift in Sources */ = {isa = PBXBuildFile; fileRef = B4A006A01CECFDF400A44575 /* SwiftyAdsAppLovin.swift */; };
		B4B01A191B9A0AF500F9A8EA /* AppDelegate.swift in Sources */ = {isa = PBXBuildFile; fileRef = B4B01A181B9A0AF500F9A8EA /* AppDelegate.swift */; };
		B4B01A1F1B9A0AF500F9A8EA /* GameViewController.swift in Sources */ = {isa = PBXBuildFile; fileRef = B4B01A1E1B9A0AF500F9A8EA /* GameViewController.swift */; };
		B4B01A3D1B9A0B0700F9A8EA /* SwiftyAdsManager.swift in Sources */ = {isa = PBXBuildFile; fileRef = B4B01A3C1B9A0B0700F9A8EA /* SwiftyAdsManager.swift */; };
		B4B01A401B9A0B7700F9A8EA /* AdSupport.framework in Frameworks */ = {isa = PBXBuildFile; fileRef = B4B01A3F1B9A0B7700F9A8EA /* AdSupport.framework */; };
		B4B01A421B9A0B8100F9A8EA /* AudioToolbox.framework in Frameworks */ = {isa = PBXBuildFile; fileRef = B4B01A411B9A0B8100F9A8EA /* AudioToolbox.framework */; };
		B4B01A441B9A0B8600F9A8EA /* AVFoundation.framework in Frameworks */ = {isa = PBXBuildFile; fileRef = B4B01A431B9A0B8600F9A8EA /* AVFoundation.framework */; };
		B4B01A461B9A0B9F00F9A8EA /* CoreMedia.framework in Frameworks */ = {isa = PBXBuildFile; fileRef = B4B01A451B9A0B9F00F9A8EA /* CoreMedia.framework */; };
		B4B01A4A1B9A0BB900F9A8EA /* CoreGraphics.framework in Frameworks */ = {isa = PBXBuildFile; fileRef = B4B01A491B9A0BB900F9A8EA /* CoreGraphics.framework */; };
		B4B01A4C1B9A0BC300F9A8EA /* CoreTelephony.framework in Frameworks */ = {isa = PBXBuildFile; fileRef = B4B01A4B1B9A0BC300F9A8EA /* CoreTelephony.framework */; };
		B4B01A4F1B9A0BD300F9A8EA /* EventKit.framework in Frameworks */ = {isa = PBXBuildFile; fileRef = B4B01A4D1B9A0BD300F9A8EA /* EventKit.framework */; };
		B4B01A501B9A0BD300F9A8EA /* EventKitUI.framework in Frameworks */ = {isa = PBXBuildFile; fileRef = B4B01A4E1B9A0BD300F9A8EA /* EventKitUI.framework */; };
		B4B01A521B9A0BDF00F9A8EA /* MessageUI.framework in Frameworks */ = {isa = PBXBuildFile; fileRef = B4B01A511B9A0BDF00F9A8EA /* MessageUI.framework */; };
		B4B01A541B9A0BEC00F9A8EA /* StoreKit.framework in Frameworks */ = {isa = PBXBuildFile; fileRef = B4B01A531B9A0BEC00F9A8EA /* StoreKit.framework */; };
		B4B01A561B9A0BF700F9A8EA /* SystemConfiguration.framework in Frameworks */ = {isa = PBXBuildFile; fileRef = B4B01A551B9A0BF700F9A8EA /* SystemConfiguration.framework */; };
		B4F4EE0D1DA3F6C300C6FEC0 /* LaunchScreen.xib in Resources */ = {isa = PBXBuildFile; fileRef = B4F4EE091DA3F6C300C6FEC0 /* LaunchScreen.xib */; };
		B4F4EE0E1DA3F6C300C6FEC0 /* Main.storyboard in Resources */ = {isa = PBXBuildFile; fileRef = B4F4EE0B1DA3F6C300C6FEC0 /* Main.storyboard */; };
		B4F4EE111DA3F7BC00C6FEC0 /* GameScene.sks in Resources */ = {isa = PBXBuildFile; fileRef = B4F4EE0F1DA3F7BC00C6FEC0 /* GameScene.sks */; };
		B4F4EE121DA3F7BC00C6FEC0 /* GameScene.sks in Resources */ = {isa = PBXBuildFile; fileRef = B4F4EE0F1DA3F7BC00C6FEC0 /* GameScene.sks */; };
		B4F4EE131DA3F7BC00C6FEC0 /* GameScene.swift in Sources */ = {isa = PBXBuildFile; fileRef = B4F4EE101DA3F7BC00C6FEC0 /* GameScene.swift */; };
		B4F4EE141DA3F7BC00C6FEC0 /* GameScene.swift in Sources */ = {isa = PBXBuildFile; fileRef = B4F4EE101DA3F7BC00C6FEC0 /* GameScene.swift */; };
		B4F4EE161DA3F7D500C6FEC0 /* Images.xcassets in Resources */ = {isa = PBXBuildFile; fileRef = B4F4EE151DA3F7D500C6FEC0 /* Images.xcassets */; };
		B4F4EE171DA3F7D500C6FEC0 /* Images.xcassets in Resources */ = {isa = PBXBuildFile; fileRef = B4F4EE151DA3F7D500C6FEC0 /* Images.xcassets */; };
		C88C7923C125B5A8203DA7BA /* Pods_SwiftyAds__iOS_.framework in Frameworks */ = {isa = PBXBuildFile; fileRef = 5AE1878696E356A11D74AD81 /* Pods_SwiftyAds__iOS_.framework */; };
/* End PBXBuildFile section */

/* Begin PBXFileReference section */
		0DE477628229B17094F186F3 /* Pods-SwiftyAds (tvOS).release.xcconfig */ = {isa = PBXFileReference; includeInIndex = 1; lastKnownFileType = text.xcconfig; name = "Pods-SwiftyAds (tvOS).release.xcconfig"; path = "Pods/Target Support Files/Pods-SwiftyAds (tvOS)/Pods-SwiftyAds (tvOS).release.xcconfig"; sourceTree = "<group>"; };
		276E28443E35A1C226A0FF0B /* Pods_AdMob_and_CustomAds_Helper.framework */ = {isa = PBXFileReference; explicitFileType = wrapper.framework; includeInIndex = 0; path = Pods_AdMob_and_CustomAds_Helper.framework; sourceTree = BUILT_PRODUCTS_DIR; };
		523D8F56078957ECDD773241 /* Pods-SwiftyAds (iOS).release.xcconfig */ = {isa = PBXFileReference; includeInIndex = 1; lastKnownFileType = text.xcconfig; name = "Pods-SwiftyAds (iOS).release.xcconfig"; path = "Pods/Target Support Files/Pods-SwiftyAds (iOS)/Pods-SwiftyAds (iOS).release.xcconfig"; sourceTree = "<group>"; };
		5AE1878696E356A11D74AD81 /* Pods_SwiftyAds__iOS_.framework */ = {isa = PBXFileReference; explicitFileType = wrapper.framework; includeInIndex = 0; path = Pods_SwiftyAds__iOS_.framework; sourceTree = BUILT_PRODUCTS_DIR; };
		6F4A84EB61DA087A44D4C687 /* Pods_SwiftyAds__tvOS_.framework */ = {isa = PBXFileReference; explicitFileType = wrapper.framework; includeInIndex = 0; path = Pods_SwiftyAds__tvOS_.framework; sourceTree = BUILT_PRODUCTS_DIR; };
		B435FFE01CE14C2A00A678AA /* SwiftyAdsAdMob.swift */ = {isa = PBXFileReference; fileEncoding = 4; lastKnownFileType = sourcecode.swift; path = SwiftyAdsAdMob.swift; sourceTree = "<group>"; };
		B435FFE41CE14D1900A678AA /* SwiftyAdsCustom.swift */ = {isa = PBXFileReference; fileEncoding = 4; lastKnownFileType = sourcecode.swift; path = SwiftyAdsCustom.swift; sourceTree = "<group>"; };
		B43B34CC1D4AD2E50064F364 /* SwiftyAdsDelegate.swift */ = {isa = PBXFileReference; fileEncoding = 4; lastKnownFileType = sourcecode.swift; path = SwiftyAdsDelegate.swift; sourceTree = "<group>"; };
		B452EFD81CDBF7FE009A69B5 /* GoogleMobileAds.framework */ = {isa = PBXFileReference; lastKnownFileType = wrapper.framework; name = GoogleMobileAds.framework; path = "GoogleMobileAdsSdkiOS-7.8.0/GoogleMobileAds.framework"; sourceTree = SOURCE_ROOT; };
		B4A0065B1CECFCF100A44575 /* SwiftyAds (tvOS).app */ = {isa = PBXFileReference; explicitFileType = wrapper.application; includeInIndex = 0; path = "SwiftyAds (tvOS).app"; sourceTree = BUILT_PRODUCTS_DIR; };
		B4A0065D1CECFCF100A44575 /* AppDelegate.swift */ = {isa = PBXFileReference; lastKnownFileType = sourcecode.swift; name = AppDelegate.swift; path = "SwiftyAds (tvOS)/AppDelegate.swift"; sourceTree = "<group>"; };
		B4A006631CECFCF100A44575 /* GameViewController.swift */ = {isa = PBXFileReference; lastKnownFileType = sourcecode.swift; name = GameViewController.swift; path = "SwiftyAds (tvOS)/GameViewController.swift"; sourceTree = "<group>"; };
		B4A006681CECFCF100A44575 /* Base */ = {isa = PBXFileReference; lastKnownFileType = file.storyboard; name = Base; path = Base.lproj/Main.storyboard; sourceTree = "<group>"; };
		B4A0066C1CECFCF100A44575 /* Info.plist */ = {isa = PBXFileReference; lastKnownFileType = text.plist.xml; name = Info.plist; path = "SwiftyAds (tvOS)/Info.plist"; sourceTree = "<group>"; };
		B4A0068C1CECFD0B00A44575 /* HeaderTV.h */ = {isa = PBXFileReference; fileEncoding = 4; lastKnownFileType = sourcecode.c.h; path = HeaderTV.h; sourceTree = "<group>"; };
		B4A0068E1CECFD4000A44575 /* applovin-tvos-sdk-3.2.0 */ = {isa = PBXFileReference; lastKnownFileType = folder; path = "applovin-tvos-sdk-3.2.0"; sourceTree = "<group>"; };
		B4A006901CECFD4A00A44575 /* libAppLovinTVOS.a */ = {isa = PBXFileReference; lastKnownFileType = archive.ar; path = libAppLovinTVOS.a; sourceTree = "<group>"; };
		B4A006921CECFD5400A44575 /* AdSupport.framework */ = {isa = PBXFileReference; lastKnownFileType = wrapper.framework; name = AdSupport.framework; path = Platforms/AppleTVOS.platform/Developer/SDKs/AppleTVOS9.2.sdk/System/Library/Frameworks/AdSupport.framework; sourceTree = DEVELOPER_DIR; };
		B4A006941CECFD5F00A44575 /* AVFoundation.framework */ = {isa = PBXFileReference; lastKnownFileType = wrapper.framework; name = AVFoundation.framework; path = Platforms/AppleTVOS.platform/Developer/SDKs/AppleTVOS9.2.sdk/System/Library/Frameworks/AVFoundation.framework; sourceTree = DEVELOPER_DIR; };
		B4A006961CECFD6900A44575 /* CoreGraphics.framework */ = {isa = PBXFileReference; lastKnownFileType = wrapper.framework; name = CoreGraphics.framework; path = Platforms/AppleTVOS.platform/Developer/SDKs/AppleTVOS9.2.sdk/System/Library/Frameworks/CoreGraphics.framework; sourceTree = DEVELOPER_DIR; };
		B4A006981CECFD6F00A44575 /* CoreMedia.framework */ = {isa = PBXFileReference; lastKnownFileType = wrapper.framework; name = CoreMedia.framework; path = Platforms/AppleTVOS.platform/Developer/SDKs/AppleTVOS9.2.sdk/System/Library/Frameworks/CoreMedia.framework; sourceTree = DEVELOPER_DIR; };
		B4A0069A1CECFD7A00A44575 /* StoreKit.framework */ = {isa = PBXFileReference; lastKnownFileType = wrapper.framework; name = StoreKit.framework; path = Platforms/AppleTVOS.platform/Developer/SDKs/AppleTVOS9.2.sdk/System/Library/Frameworks/StoreKit.framework; sourceTree = DEVELOPER_DIR; };
		B4A0069C1CECFD8400A44575 /* SystemConfiguration.framework */ = {isa = PBXFileReference; lastKnownFileType = wrapper.framework; name = SystemConfiguration.framework; path = Platforms/AppleTVOS.platform/Developer/SDKs/AppleTVOS9.2.sdk/System/Library/Frameworks/SystemConfiguration.framework; sourceTree = DEVELOPER_DIR; };
		B4A0069E1CECFD8B00A44575 /* UIKit.framework */ = {isa = PBXFileReference; lastKnownFileType = wrapper.framework; name = UIKit.framework; path = Platforms/AppleTVOS.platform/Developer/SDKs/AppleTVOS9.2.sdk/System/Library/Frameworks/UIKit.framework; sourceTree = DEVELOPER_DIR; };
		B4A006A01CECFDF400A44575 /* SwiftyAdsAppLovin.swift */ = {isa = PBXFileReference; fileEncoding = 4; lastKnownFileType = sourcecode.swift; path = SwiftyAdsAppLovin.swift; sourceTree = "<group>"; };
		B4B01A131B9A0AF500F9A8EA /* SwiftyAds.app */ = {isa = PBXFileReference; explicitFileType = wrapper.application; includeInIndex = 0; path = SwiftyAds.app; sourceTree = BUILT_PRODUCTS_DIR; };
		B4B01A171B9A0AF500F9A8EA /* Info.plist */ = {isa = PBXFileReference; lastKnownFileType = text.plist.xml; path = Info.plist; sourceTree = "<group>"; };
		B4B01A181B9A0AF500F9A8EA /* AppDelegate.swift */ = {isa = PBXFileReference; lastKnownFileType = sourcecode.swift; path = AppDelegate.swift; sourceTree = "<group>"; };
		B4B01A1E1B9A0AF500F9A8EA /* GameViewController.swift */ = {isa = PBXFileReference; lastKnownFileType = sourcecode.swift; path = GameViewController.swift; sourceTree = "<group>"; };
		B4B01A3C1B9A0B0700F9A8EA /* SwiftyAdsManager.swift */ = {isa = PBXFileReference; fileEncoding = 4; lastKnownFileType = sourcecode.swift; path = SwiftyAdsManager.swift; sourceTree = "<group>"; };
		B4B01A3F1B9A0B7700F9A8EA /* AdSupport.framework */ = {isa = PBXFileReference; lastKnownFileType = wrapper.framework; name = AdSupport.framework; path = System/Library/Frameworks/AdSupport.framework; sourceTree = SDKROOT; };
		B4B01A411B9A0B8100F9A8EA /* AudioToolbox.framework */ = {isa = PBXFileReference; lastKnownFileType = wrapper.framework; name = AudioToolbox.framework; path = System/Library/Frameworks/AudioToolbox.framework; sourceTree = SDKROOT; };
		B4B01A431B9A0B8600F9A8EA /* AVFoundation.framework */ = {isa = PBXFileReference; lastKnownFileType = wrapper.framework; name = AVFoundation.framework; path = System/Library/Frameworks/AVFoundation.framework; sourceTree = SDKROOT; };
		B4B01A451B9A0B9F00F9A8EA /* CoreMedia.framework */ = {isa = PBXFileReference; lastKnownFileType = wrapper.framework; name = CoreMedia.framework; path = System/Library/Frameworks/CoreMedia.framework; sourceTree = SDKROOT; };
		B4B01A491B9A0BB900F9A8EA /* CoreGraphics.framework */ = {isa = PBXFileReference; lastKnownFileType = wrapper.framework; name = CoreGraphics.framework; path = System/Library/Frameworks/CoreGraphics.framework; sourceTree = SDKROOT; };
		B4B01A4B1B9A0BC300F9A8EA /* CoreTelephony.framework */ = {isa = PBXFileReference; lastKnownFileType = wrapper.framework; name = CoreTelephony.framework; path = System/Library/Frameworks/CoreTelephony.framework; sourceTree = SDKROOT; };
		B4B01A4D1B9A0BD300F9A8EA /* EventKit.framework */ = {isa = PBXFileReference; lastKnownFileType = wrapper.framework; name = EventKit.framework; path = System/Library/Frameworks/EventKit.framework; sourceTree = SDKROOT; };
		B4B01A4E1B9A0BD300F9A8EA /* EventKitUI.framework */ = {isa = PBXFileReference; lastKnownFileType = wrapper.framework; name = EventKitUI.framework; path = System/Library/Frameworks/EventKitUI.framework; sourceTree = SDKROOT; };
		B4B01A511B9A0BDF00F9A8EA /* MessageUI.framework */ = {isa = PBXFileReference; lastKnownFileType = wrapper.framework; name = MessageUI.framework; path = System/Library/Frameworks/MessageUI.framework; sourceTree = SDKROOT; };
		B4B01A531B9A0BEC00F9A8EA /* StoreKit.framework */ = {isa = PBXFileReference; lastKnownFileType = wrapper.framework; name = StoreKit.framework; path = System/Library/Frameworks/StoreKit.framework; sourceTree = SDKROOT; };
		B4B01A551B9A0BF700F9A8EA /* SystemConfiguration.framework */ = {isa = PBXFileReference; lastKnownFileType = wrapper.framework; name = SystemConfiguration.framework; path = System/Library/Frameworks/SystemConfiguration.framework; sourceTree = SDKROOT; };
		B4F4EE0A1DA3F6C300C6FEC0 /* Base */ = {isa = PBXFileReference; lastKnownFileType = file.xib; name = Base; path = Base.lproj/LaunchScreen.xib; sourceTree = "<group>"; };
		B4F4EE0C1DA3F6C300C6FEC0 /* Base */ = {isa = PBXFileReference; lastKnownFileType = file.storyboard; name = Base; path = Base.lproj/Main.storyboard; sourceTree = "<group>"; };
		B4F4EE0F1DA3F7BC00C6FEC0 /* GameScene.sks */ = {isa = PBXFileReference; lastKnownFileType = file.sks; path = GameScene.sks; sourceTree = "<group>"; };
		B4F4EE101DA3F7BC00C6FEC0 /* GameScene.swift */ = {isa = PBXFileReference; fileEncoding = 4; lastKnownFileType = sourcecode.swift; path = GameScene.swift; sourceTree = "<group>"; };
		B4F4EE151DA3F7D500C6FEC0 /* Images.xcassets */ = {isa = PBXFileReference; lastKnownFileType = folder.assetcatalog; path = Images.xcassets; sourceTree = "<group>"; };
		F2CE1129C6F81DBB34E8136A /* Pods_AppLovin_Helper.framework */ = {isa = PBXFileReference; explicitFileType = wrapper.framework; includeInIndex = 0; path = Pods_AppLovin_Helper.framework; sourceTree = BUILT_PRODUCTS_DIR; };
		FB5FE06D82022761DEF18FC4 /* Pods-SwiftyAds (iOS).debug.xcconfig */ = {isa = PBXFileReference; includeInIndex = 1; lastKnownFileType = text.xcconfig; name = "Pods-SwiftyAds (iOS).debug.xcconfig"; path = "Pods/Target Support Files/Pods-SwiftyAds (iOS)/Pods-SwiftyAds (iOS).debug.xcconfig"; sourceTree = "<group>"; };
		FC5C3AF69E7F4EBE3FF8B0EB /* Pods-SwiftyAds (tvOS).debug.xcconfig */ = {isa = PBXFileReference; includeInIndex = 1; lastKnownFileType = text.xcconfig; name = "Pods-SwiftyAds (tvOS).debug.xcconfig"; path = "Pods/Target Support Files/Pods-SwiftyAds (tvOS)/Pods-SwiftyAds (tvOS).debug.xcconfig"; sourceTree = "<group>"; };
/* End PBXFileReference section */

/* Begin PBXFrameworksBuildPhase section */
		B4A006581CECFCF100A44575 /* Frameworks */ = {
			isa = PBXFrameworksBuildPhase;
			buildActionMask = 2147483647;
			files = (
				B4A0069F1CECFD8B00A44575 /* UIKit.framework in Frameworks */,
				B4A0069D1CECFD8400A44575 /* SystemConfiguration.framework in Frameworks */,
				B4A0069B1CECFD7A00A44575 /* StoreKit.framework in Frameworks */,
				B4A006991CECFD6F00A44575 /* CoreMedia.framework in Frameworks */,
				B4A006971CECFD6900A44575 /* CoreGraphics.framework in Frameworks */,
				B4A006951CECFD5F00A44575 /* AVFoundation.framework in Frameworks */,
				B4A006931CECFD5400A44575 /* AdSupport.framework in Frameworks */,
				B4A006911CECFD4A00A44575 /* libAppLovinTVOS.a in Frameworks */,
				A034F499985EA7041921C3E1 /* Pods_SwiftyAds__tvOS_.framework in Frameworks */,
			);
			runOnlyForDeploymentPostprocessing = 0;
		};
		B4B01A101B9A0AF500F9A8EA /* Frameworks */ = {
			isa = PBXFrameworksBuildPhase;
			buildActionMask = 2147483647;
			files = (
				B452EFD91CDBF7FE009A69B5 /* GoogleMobileAds.framework in Frameworks */,
				B4B01A561B9A0BF700F9A8EA /* SystemConfiguration.framework in Frameworks */,
				B4B01A541B9A0BEC00F9A8EA /* StoreKit.framework in Frameworks */,
				B4B01A521B9A0BDF00F9A8EA /* MessageUI.framework in Frameworks */,
				B4B01A4F1B9A0BD300F9A8EA /* EventKit.framework in Frameworks */,
				B4B01A501B9A0BD300F9A8EA /* EventKitUI.framework in Frameworks */,
				B4B01A4C1B9A0BC300F9A8EA /* CoreTelephony.framework in Frameworks */,
				B4B01A4A1B9A0BB900F9A8EA /* CoreGraphics.framework in Frameworks */,
				B4B01A461B9A0B9F00F9A8EA /* CoreMedia.framework in Frameworks */,
				B4B01A441B9A0B8600F9A8EA /* AVFoundation.framework in Frameworks */,
				B4B01A421B9A0B8100F9A8EA /* AudioToolbox.framework in Frameworks */,
				B4B01A401B9A0B7700F9A8EA /* AdSupport.framework in Frameworks */,
				C88C7923C125B5A8203DA7BA /* Pods_SwiftyAds__iOS_.framework in Frameworks */,
			);
			runOnlyForDeploymentPostprocessing = 0;
		};
/* End PBXFrameworksBuildPhase section */

/* Begin PBXGroup section */
		50EE868FBF4303E359C69933 /* Pods */ = {
			isa = PBXGroup;
			children = (
				FB5FE06D82022761DEF18FC4 /* Pods-SwiftyAds (iOS).debug.xcconfig */,
				523D8F56078957ECDD773241 /* Pods-SwiftyAds (iOS).release.xcconfig */,
				FC5C3AF69E7F4EBE3FF8B0EB /* Pods-SwiftyAds (tvOS).debug.xcconfig */,
				0DE477628229B17094F186F3 /* Pods-SwiftyAds (tvOS).release.xcconfig */,
			);
			name = Pods;
			sourceTree = "<group>";
		};
		947B71864618DC3F471261D3 /* Frameworks */ = {
			isa = PBXGroup;
			children = (
				276E28443E35A1C226A0FF0B /* Pods_AdMob_and_CustomAds_Helper.framework */,
				F2CE1129C6F81DBB34E8136A /* Pods_AppLovin_Helper.framework */,
				5AE1878696E356A11D74AD81 /* Pods_SwiftyAds__iOS_.framework */,
				6F4A84EB61DA087A44D4C687 /* Pods_SwiftyAds__tvOS_.framework */,
			);
			name = Frameworks;
			sourceTree = "<group>";
		};
		B4A006551CECFCC100A44575 /* iOS */ = {
			isa = PBXGroup;
			children = (
				B4B01A181B9A0AF500F9A8EA /* AppDelegate.swift */,
				B4B01A1E1B9A0AF500F9A8EA /* GameViewController.swift */,
				B4F4EE0B1DA3F6C300C6FEC0 /* Main.storyboard */,
				B4F4EE091DA3F6C300C6FEC0 /* LaunchScreen.xib */,
				B4B01A171B9A0AF500F9A8EA /* Info.plist */,
				B4B01A3E1B9A0B3500F9A8EA /* Frameworks */,
			);
			name = iOS;
			path = "SwiftyAds (iOS)";
			sourceTree = SOURCE_ROOT;
		};
		B4A006561CECFCC800A44575 /* tvOS */ = {
			isa = PBXGroup;
			children = (
				B4A0065D1CECFCF100A44575 /* AppDelegate.swift */,
				B4A006631CECFCF100A44575 /* GameViewController.swift */,
				B4A006671CECFCF100A44575 /* Main.storyboard */,
				B4A0066C1CECFCF100A44575 /* Info.plist */,
				B4A0068D1CECFD1500A44575 /* Frameworks */,
			);
			name = tvOS;
			path = ..;
			sourceTree = "<group>";
		};
		B4A0068D1CECFD1500A44575 /* Frameworks */ = {
			isa = PBXGroup;
			children = (
				B4A006901CECFD4A00A44575 /* libAppLovinTVOS.a */,
				B4A0068E1CECFD4000A44575 /* applovin-tvos-sdk-3.2.0 */,
				B4A0069E1CECFD8B00A44575 /* UIKit.framework */,
				B4A0069C1CECFD8400A44575 /* SystemConfiguration.framework */,
				B4A0069A1CECFD7A00A44575 /* StoreKit.framework */,
				B4A006981CECFD6F00A44575 /* CoreMedia.framework */,
				B4A006961CECFD6900A44575 /* CoreGraphics.framework */,
				B4A006941CECFD5F00A44575 /* AVFoundation.framework */,
				B4A006921CECFD5400A44575 /* AdSupport.framework */,
			);
			name = Frameworks;
			sourceTree = "<group>";
		};
		B4B01A0A1B9A0AF500F9A8EA = {
			isa = PBXGroup;
			children = (
				B4A0068C1CECFD0B00A44575 /* HeaderTV.h */,
				B4C060D51D1EB676004A3BA8 /* SwiftyAds */,
				B4B01A141B9A0AF500F9A8EA /* Products */,
				50EE868FBF4303E359C69933 /* Pods */,
				947B71864618DC3F471261D3 /* Frameworks */,
			);
			sourceTree = "<group>";
		};
		B4B01A141B9A0AF500F9A8EA /* Products */ = {
			isa = PBXGroup;
			children = (
				B4B01A131B9A0AF500F9A8EA /* SwiftyAds.app */,
				B4A0065B1CECFCF100A44575 /* SwiftyAds (tvOS).app */,
			);
			name = Products;
			sourceTree = "<group>";
		};
		B4B01A3E1B9A0B3500F9A8EA /* Frameworks */ = {
			isa = PBXGroup;
			children = (
				B452EFD81CDBF7FE009A69B5 /* GoogleMobileAds.framework */,
				B4B01A551B9A0BF700F9A8EA /* SystemConfiguration.framework */,
				B4B01A531B9A0BEC00F9A8EA /* StoreKit.framework */,
				B4B01A511B9A0BDF00F9A8EA /* MessageUI.framework */,
				B4B01A4D1B9A0BD300F9A8EA /* EventKit.framework */,
				B4B01A4E1B9A0BD300F9A8EA /* EventKitUI.framework */,
				B4B01A4B1B9A0BC300F9A8EA /* CoreTelephony.framework */,
				B4B01A491B9A0BB900F9A8EA /* CoreGraphics.framework */,
				B4B01A451B9A0B9F00F9A8EA /* CoreMedia.framework */,
				B4B01A431B9A0B8600F9A8EA /* AVFoundation.framework */,
				B4B01A411B9A0B8100F9A8EA /* AudioToolbox.framework */,
				B4B01A3F1B9A0B7700F9A8EA /* AdSupport.framework */,
			);
			name = Frameworks;
			path = "iAds and AdMob Helper";
			sourceTree = "<group>";
		};
		B4C060D51D1EB676004A3BA8 /* SwiftyAds */ = {
			isa = PBXGroup;
			children = (
				B4A006551CECFCC100A44575 /* iOS */,
				B4A006561CECFCC800A44575 /* tvOS */,
				B4F4EE0F1DA3F7BC00C6FEC0 /* GameScene.sks */,
				B4F4EE101DA3F7BC00C6FEC0 /* GameScene.swift */,
				B4F4EE151DA3F7D500C6FEC0 /* Images.xcassets */,
				B43B34CC1D4AD2E50064F364 /* SwiftyAdsDelegate.swift */,
				B4B01A3C1B9A0B0700F9A8EA /* SwiftyAdsManager.swift */,
				B435FFE41CE14D1900A678AA /* SwiftyAdsCustom.swift */,
				B435FFE01CE14C2A00A678AA /* SwiftyAdsAdMob.swift */,
				B4A006A01CECFDF400A44575 /* SwiftyAdsAppLovin.swift */,
			);
			path = SwiftyAds;
			sourceTree = "<group>";
		};
/* End PBXGroup section */

/* Begin PBXNativeTarget section */
		B4A0065A1CECFCF100A44575 /* SwiftyAds (tvOS) */ = {
			isa = PBXNativeTarget;
			buildConfigurationList = B4A006831CECFCF100A44575 /* Build configuration list for PBXNativeTarget "SwiftyAds (tvOS)" */;
			buildPhases = (
				9C94844B9A3762059028AD31 /* 📦 Check Pods Manifest.lock */,
				B4A006571CECFCF100A44575 /* Sources */,
				B4A006581CECFCF100A44575 /* Frameworks */,
				B4A006591CECFCF100A44575 /* Resources */,
				D133B35C78DF07D6EB55ADF8 /* 📦 Embed Pods Frameworks */,
				EEB5920CAC26A173EC529283 /* 📦 Copy Pods Resources */,
			);
			buildRules = (
			);
			dependencies = (
			);
			name = "SwiftyAds (tvOS)";
			productName = "AppLovin Helper";
			productReference = B4A0065B1CECFCF100A44575 /* SwiftyAds (tvOS).app */;
			productType = "com.apple.product-type.application";
		};
		B4B01A121B9A0AF500F9A8EA /* SwiftyAds (iOS) */ = {
			isa = PBXNativeTarget;
			buildConfigurationList = B4B01A361B9A0AF500F9A8EA /* Build configuration list for PBXNativeTarget "SwiftyAds (iOS)" */;
			buildPhases = (
				9E2430265B52201036E331CB /* 📦 Check Pods Manifest.lock */,
				B4B01A0F1B9A0AF500F9A8EA /* Sources */,
				B4B01A101B9A0AF500F9A8EA /* Frameworks */,
				B4B01A111B9A0AF500F9A8EA /* Resources */,
				7FA0C3DFF24EED0B2ADD0983 /* 📦 Embed Pods Frameworks */,
				350AD974D0FF37BEBBC2C1F7 /* 📦 Copy Pods Resources */,
			);
			buildRules = (
			);
			dependencies = (
			);
			name = "SwiftyAds (iOS)";
			productName = "iAds and AdMob Helper";
			productReference = B4B01A131B9A0AF500F9A8EA /* SwiftyAds.app */;
			productType = "com.apple.product-type.application";
		};
/* End PBXNativeTarget section */

/* Begin PBXProject section */
		B4B01A0B1B9A0AF500F9A8EA /* Project object */ = {
			isa = PBXProject;
			attributes = {
				LastSwiftMigration = 0700;
				LastSwiftUpdateCheck = 0730;
				LastUpgradeCheck = 0800;
				ORGANIZATIONNAME = Dominik;
				TargetAttributes = {
					B4A0065A1CECFCF100A44575 = {
						CreatedOnToolsVersion = 7.3.1;
						LastSwiftMigration = 0800;
					};
					B4B01A121B9A0AF500F9A8EA = {
						CreatedOnToolsVersion = 6.4;
						LastSwiftMigration = 0800;
					};
				};
			};
			buildConfigurationList = B4B01A0E1B9A0AF500F9A8EA /* Build configuration list for PBXProject "SwiftyAds" */;
			compatibilityVersion = "Xcode 3.2";
			developmentRegion = English;
			hasScannedForEncodings = 0;
			knownRegions = (
				en,
				Base,
			);
			mainGroup = B4B01A0A1B9A0AF500F9A8EA;
			productRefGroup = B4B01A141B9A0AF500F9A8EA /* Products */;
			projectDirPath = "";
			projectRoot = "";
			targets = (
				B4B01A121B9A0AF500F9A8EA /* SwiftyAds (iOS) */,
				B4A0065A1CECFCF100A44575 /* SwiftyAds (tvOS) */,
			);
		};
/* End PBXProject section */

/* Begin PBXResourcesBuildPhase section */
		B4A006591CECFCF100A44575 /* Resources */ = {
			isa = PBXResourcesBuildPhase;
			buildActionMask = 2147483647;
			files = (
				B4F4EE121DA3F7BC00C6FEC0 /* GameScene.sks in Resources */,
				B4F4EE171DA3F7D500C6FEC0 /* Images.xcassets in Resources */,
				B4A006691CECFCF100A44575 /* Main.storyboard in Resources */,
				B4A0068F1CECFD4000A44575 /* applovin-tvos-sdk-3.2.0 in Resources */,
			);
			runOnlyForDeploymentPostprocessing = 0;
		};
		B4B01A111B9A0AF500F9A8EA /* Resources */ = {
			isa = PBXResourcesBuildPhase;
			buildActionMask = 2147483647;
			files = (
				B4F4EE111DA3F7BC00C6FEC0 /* GameScene.sks in Resources */,
				B4F4EE161DA3F7D500C6FEC0 /* Images.xcassets in Resources */,
				B4F4EE0D1DA3F6C300C6FEC0 /* LaunchScreen.xib in Resources */,
				B4F4EE0E1DA3F6C300C6FEC0 /* Main.storyboard in Resources */,
			);
			runOnlyForDeploymentPostprocessing = 0;
		};
/* End PBXResourcesBuildPhase section */

/* Begin PBXShellScriptBuildPhase section */
		350AD974D0FF37BEBBC2C1F7 /* 📦 Copy Pods Resources */ = {
			isa = PBXShellScriptBuildPhase;
			buildActionMask = 2147483647;
			files = (
			);
			inputPaths = (
			);
			name = "📦 Copy Pods Resources";
			outputPaths = (
			);
			runOnlyForDeploymentPostprocessing = 0;
			shellPath = /bin/sh;
			shellScript = "\"${SRCROOT}/Pods/Target Support Files/Pods-SwiftyAds (iOS)/Pods-SwiftyAds (iOS)-resources.sh\"\n";
			showEnvVarsInLog = 0;
		};
		7FA0C3DFF24EED0B2ADD0983 /* 📦 Embed Pods Frameworks */ = {
			isa = PBXShellScriptBuildPhase;
			buildActionMask = 2147483647;
			files = (
			);
			inputPaths = (
			);
			name = "📦 Embed Pods Frameworks";
			outputPaths = (
			);
			runOnlyForDeploymentPostprocessing = 0;
			shellPath = /bin/sh;
			shellScript = "\"${SRCROOT}/Pods/Target Support Files/Pods-SwiftyAds (iOS)/Pods-SwiftyAds (iOS)-frameworks.sh\"\n";
			showEnvVarsInLog = 0;
		};
		9C94844B9A3762059028AD31 /* 📦 Check Pods Manifest.lock */ = {
			isa = PBXShellScriptBuildPhase;
			buildActionMask = 2147483647;
			files = (
			);
			inputPaths = (
			);
			name = "📦 Check Pods Manifest.lock";
			outputPaths = (
			);
			runOnlyForDeploymentPostprocessing = 0;
			shellPath = /bin/sh;
			shellScript = "diff \"${PODS_ROOT}/../Podfile.lock\" \"${PODS_ROOT}/Manifest.lock\" > /dev/null\nif [[ $? != 0 ]] ; then\n    cat << EOM\nerror: The sandbox is not in sync with the Podfile.lock. Run 'pod install' or update your CocoaPods installation.\nEOM\n    exit 1\nfi\n";
			showEnvVarsInLog = 0;
		};
		9E2430265B52201036E331CB /* 📦 Check Pods Manifest.lock */ = {
			isa = PBXShellScriptBuildPhase;
			buildActionMask = 2147483647;
			files = (
			);
			inputPaths = (
			);
			name = "📦 Check Pods Manifest.lock";
			outputPaths = (
			);
			runOnlyForDeploymentPostprocessing = 0;
			shellPath = /bin/sh;
			shellScript = "diff \"${PODS_ROOT}/../Podfile.lock\" \"${PODS_ROOT}/Manifest.lock\" > /dev/null\nif [[ $? != 0 ]] ; then\n    cat << EOM\nerror: The sandbox is not in sync with the Podfile.lock. Run 'pod install' or update your CocoaPods installation.\nEOM\n    exit 1\nfi\n";
			showEnvVarsInLog = 0;
		};
		D133B35C78DF07D6EB55ADF8 /* 📦 Embed Pods Frameworks */ = {
			isa = PBXShellScriptBuildPhase;
			buildActionMask = 2147483647;
			files = (
			);
			inputPaths = (
			);
			name = "📦 Embed Pods Frameworks";
			outputPaths = (
			);
			runOnlyForDeploymentPostprocessing = 0;
			shellPath = /bin/sh;
			shellScript = "\"${SRCROOT}/Pods/Target Support Files/Pods-SwiftyAds (tvOS)/Pods-SwiftyAds (tvOS)-frameworks.sh\"\n";
			showEnvVarsInLog = 0;
		};
		EEB5920CAC26A173EC529283 /* 📦 Copy Pods Resources */ = {
			isa = PBXShellScriptBuildPhase;
			buildActionMask = 2147483647;
			files = (
			);
			inputPaths = (
			);
			name = "📦 Copy Pods Resources";
			outputPaths = (
			);
			runOnlyForDeploymentPostprocessing = 0;
			shellPath = /bin/sh;
			shellScript = "\"${SRCROOT}/Pods/Target Support Files/Pods-SwiftyAds (tvOS)/Pods-SwiftyAds (tvOS)-resources.sh\"\n";
			showEnvVarsInLog = 0;
		};
/* End PBXShellScriptBuildPhase section */

/* Begin PBXSourcesBuildPhase section */
		B4A006571CECFCF100A44575 /* Sources */ = {
			isa = PBXSourcesBuildPhase;
			buildActionMask = 2147483647;
			files = (
				B43B34CE1D4AD2E50064F364 /* SwiftyAdsDelegate.swift in Sources */,
				B4A006641CECFCF100A44575 /* GameViewController.swift in Sources */,
				B41E34C21D0236950034C444 /* SwiftyAdsCustom.swift in Sources */,
				B4A006A11CECFDF400A44575 /* SwiftyAdsAppLovin.swift in Sources */,
				B41E34C31D02369C0034C444 /* SwiftyAdsManager.swift in Sources */,
				B4F4EE141DA3F7BC00C6FEC0 /* GameScene.swift in Sources */,
				B4A0065E1CECFCF100A44575 /* AppDelegate.swift in Sources */,
			);
			runOnlyForDeploymentPostprocessing = 0;
		};
		B4B01A0F1B9A0AF500F9A8EA /* Sources */ = {
			isa = PBXSourcesBuildPhase;
			buildActionMask = 2147483647;
			files = (
				B43B34CD1D4AD2E50064F364 /* SwiftyAdsDelegate.swift in Sources */,
				B4B01A3D1B9A0B0700F9A8EA /* SwiftyAdsManager.swift in Sources */,
				B4B01A1F1B9A0AF500F9A8EA /* GameViewController.swift in Sources */,
				B435FFE11CE14C2A00A678AA /* SwiftyAdsAdMob.swift in Sources */,
				B4B01A191B9A0AF500F9A8EA /* AppDelegate.swift in Sources */,
				B4F4EE131DA3F7BC00C6FEC0 /* GameScene.swift in Sources */,
				B435FFE51CE14D1900A678AA /* SwiftyAdsCustom.swift in Sources */,
			);
			runOnlyForDeploymentPostprocessing = 0;
		};
/* End PBXSourcesBuildPhase section */

/* Begin PBXVariantGroup section */
		B4A006671CECFCF100A44575 /* Main.storyboard */ = {
			isa = PBXVariantGroup;
			children = (
				B4A006681CECFCF100A44575 /* Base */,
			);
			name = Main.storyboard;
			path = "SwiftyAds (tvOS)";
			sourceTree = "<group>";
		};
		B4F4EE091DA3F6C300C6FEC0 /* LaunchScreen.xib */ = {
			isa = PBXVariantGroup;
			children = (
				B4F4EE0A1DA3F6C300C6FEC0 /* Base */,
			);
			name = LaunchScreen.xib;
			sourceTree = "<group>";
		};
		B4F4EE0B1DA3F6C300C6FEC0 /* Main.storyboard */ = {
			isa = PBXVariantGroup;
			children = (
				B4F4EE0C1DA3F6C300C6FEC0 /* Base */,
			);
			name = Main.storyboard;
			sourceTree = "<group>";
		};
/* End PBXVariantGroup section */

/* Begin XCBuildConfiguration section */
		B4A006841CECFCF100A44575 /* Debug */ = {
			isa = XCBuildConfiguration;
			baseConfigurationReference = FC5C3AF69E7F4EBE3FF8B0EB /* Pods-SwiftyAds (tvOS).debug.xcconfig */;
			buildSettings = {
				CLANG_ANALYZER_NONNULL = YES;
				ENABLE_BITCODE = YES;
				HEADER_SEARCH_PATHS = "$(PROJECT_DIR)/applovin-tvos-sdk-3.2.0/headers";
				INFOPLIST_FILE = "$(SRCROOT)/SwiftyAds (iOS)/Info.plist";
				LD_RUNPATH_SEARCH_PATHS = "$(inherited) @executable_path/Frameworks";
				LIBRARY_SEARCH_PATHS = (
					"$(inherited)",
					"$(PROJECT_DIR)",
				);
				OTHER_LDFLAGS = "-ObjC";
				"OTHER_SWIFT_FLAGS[arch=*]" = "-D DEBUG";
				PRODUCT_BUNDLE_IDENTIFIER = com.dominik.SwiftyAds;
				PRODUCT_NAME = "$(TARGET_NAME)";
				SDKROOT = appletvos;
				SWIFT_OBJC_BRIDGING_HEADER = HeaderTV.h;
				SWIFT_VERSION = 3.0;
				TARGETED_DEVICE_FAMILY = 3;
				TVOS_DEPLOYMENT_TARGET = 9.0;
			};
			name = Debug;
		};
		B4A006851CECFCF100A44575 /* Release */ = {
			isa = XCBuildConfiguration;
			baseConfigurationReference = 0DE477628229B17094F186F3 /* Pods-SwiftyAds (tvOS).release.xcconfig */;
			buildSettings = {
				CLANG_ANALYZER_NONNULL = YES;
				ENABLE_BITCODE = YES;
				HEADER_SEARCH_PATHS = "$(PROJECT_DIR)/applovin-tvos-sdk-3.2.0/headers";
				INFOPLIST_FILE = "$(SRCROOT)/SwiftyAds (iOS)/Info.plist";
				LD_RUNPATH_SEARCH_PATHS = "$(inherited) @executable_path/Frameworks";
				LIBRARY_SEARCH_PATHS = (
					"$(inherited)",
					"$(PROJECT_DIR)",
				);
				OTHER_LDFLAGS = "-ObjC";
				PRODUCT_BUNDLE_IDENTIFIER = com.dominik.SwiftyAds;
				PRODUCT_NAME = "$(TARGET_NAME)";
				SDKROOT = appletvos;
				SWIFT_OBJC_BRIDGING_HEADER = HeaderTV.h;
				SWIFT_VERSION = 3.0;
				TARGETED_DEVICE_FAMILY = 3;
				TVOS_DEPLOYMENT_TARGET = 9.0;
			};
			name = Release;
		};
		B4B01A341B9A0AF500F9A8EA /* Debug */ = {
			isa = XCBuildConfiguration;
			buildSettings = {
				ALWAYS_SEARCH_USER_PATHS = NO;
				CLANG_CXX_LANGUAGE_STANDARD = "gnu++0x";
				CLANG_CXX_LIBRARY = "libc++";
				CLANG_ENABLE_MODULES = YES;
				CLANG_ENABLE_OBJC_ARC = YES;
				CLANG_WARN_BOOL_CONVERSION = YES;
				CLANG_WARN_CONSTANT_CONVERSION = YES;
				CLANG_WARN_DIRECT_OBJC_ISA_USAGE = YES_ERROR;
				CLANG_WARN_EMPTY_BODY = YES;
				CLANG_WARN_ENUM_CONVERSION = YES;
				CLANG_WARN_INFINITE_RECURSION = YES;
				CLANG_WARN_INT_CONVERSION = YES;
				CLANG_WARN_OBJC_ROOT_CLASS = YES_ERROR;
				CLANG_WARN_SUSPICIOUS_MOVE = YES;
				CLANG_WARN_UNREACHABLE_CODE = YES;
				CLANG_WARN__DUPLICATE_METHOD_MATCH = YES;
				"CODE_SIGN_IDENTITY[sdk=iphoneos*]" = "iPhone Developer";
				COPY_PHASE_STRIP = NO;
				DEBUG_INFORMATION_FORMAT = "dwarf-with-dsym";
				ENABLE_BITCODE = NO;
				ENABLE_STRICT_OBJC_MSGSEND = YES;
				ENABLE_TESTABILITY = YES;
				GCC_C_LANGUAGE_STANDARD = gnu99;
				GCC_DYNAMIC_NO_PIC = NO;
				GCC_NO_COMMON_BLOCKS = YES;
				GCC_OPTIMIZATION_LEVEL = 0;
				GCC_PREPROCESSOR_DEFINITIONS = (
					"DEBUG=1",
					"$(inherited)",
				);
				GCC_SYMBOLS_PRIVATE_EXTERN = NO;
				GCC_WARN_64_TO_32_BIT_CONVERSION = YES;
				GCC_WARN_ABOUT_RETURN_TYPE = YES_ERROR;
				GCC_WARN_UNDECLARED_SELECTOR = YES;
				GCC_WARN_UNINITIALIZED_AUTOS = YES_AGGRESSIVE;
				GCC_WARN_UNUSED_FUNCTION = YES;
				GCC_WARN_UNUSED_VARIABLE = YES;
				IPHONEOS_DEPLOYMENT_TARGET = 9.0;
				MTL_ENABLE_DEBUG_INFO = YES;
				ONLY_ACTIVE_ARCH = YES;
				SDKROOT = iphoneos;
				SWIFT_OPTIMIZATION_LEVEL = "-Onone";
				TARGETED_DEVICE_FAMILY = "1,2";
			};
			name = Debug;
		};
		B4B01A351B9A0AF500F9A8EA /* Release */ = {
			isa = XCBuildConfiguration;
			buildSettings = {
				ALWAYS_SEARCH_USER_PATHS = NO;
				CLANG_CXX_LANGUAGE_STANDARD = "gnu++0x";
				CLANG_CXX_LIBRARY = "libc++";
				CLANG_ENABLE_MODULES = YES;
				CLANG_ENABLE_OBJC_ARC = YES;
				CLANG_WARN_BOOL_CONVERSION = YES;
				CLANG_WARN_CONSTANT_CONVERSION = YES;
				CLANG_WARN_DIRECT_OBJC_ISA_USAGE = YES_ERROR;
				CLANG_WARN_EMPTY_BODY = YES;
				CLANG_WARN_ENUM_CONVERSION = YES;
				CLANG_WARN_INFINITE_RECURSION = YES;
				CLANG_WARN_INT_CONVERSION = YES;
				CLANG_WARN_OBJC_ROOT_CLASS = YES_ERROR;
				CLANG_WARN_SUSPICIOUS_MOVE = YES;
				CLANG_WARN_UNREACHABLE_CODE = YES;
				CLANG_WARN__DUPLICATE_METHOD_MATCH = YES;
				"CODE_SIGN_IDENTITY[sdk=iphoneos*]" = "iPhone Developer";
				COPY_PHASE_STRIP = NO;
				DEBUG_INFORMATION_FORMAT = "dwarf-with-dsym";
				ENABLE_BITCODE = NO;
				ENABLE_NS_ASSERTIONS = NO;
				ENABLE_STRICT_OBJC_MSGSEND = YES;
				GCC_C_LANGUAGE_STANDARD = gnu99;
				GCC_NO_COMMON_BLOCKS = YES;
				GCC_WARN_64_TO_32_BIT_CONVERSION = YES;
				GCC_WARN_ABOUT_RETURN_TYPE = YES_ERROR;
				GCC_WARN_UNDECLARED_SELECTOR = YES;
				GCC_WARN_UNINITIALIZED_AUTOS = YES_AGGRESSIVE;
				GCC_WARN_UNUSED_FUNCTION = YES;
				GCC_WARN_UNUSED_VARIABLE = YES;
				IPHONEOS_DEPLOYMENT_TARGET = 9.0;
				MTL_ENABLE_DEBUG_INFO = NO;
				SDKROOT = iphoneos;
				SWIFT_OPTIMIZATION_LEVEL = "-Owholemodule";
				TARGETED_DEVICE_FAMILY = "1,2";
				VALIDATE_PRODUCT = YES;
			};
			name = Release;
		};
		B4B01A371B9A0AF500F9A8EA /* Debug */ = {
			isa = XCBuildConfiguration;
			baseConfigurationReference = FB5FE06D82022761DEF18FC4 /* Pods-SwiftyAds (iOS).debug.xcconfig */;
			buildSettings = {
				ASSETCATALOG_COMPILER_APPICON_NAME = AppIcon;
				CODE_SIGN_IDENTITY = "iPhone Developer";
				ENABLE_BITCODE = YES;
				FRAMEWORK_SEARCH_PATHS = (
					"$(inherited)",
					"$(PROJECT_DIR)",
				);
				INFOPLIST_FILE = "$(SRCROOT)/SwiftyAds (iOS)/Info.plist";
				IPHONEOS_DEPLOYMENT_TARGET = 9.0;
				LD_RUNPATH_SEARCH_PATHS = "$(inherited) @executable_path/Frameworks";
				"OTHER_SWIFT_FLAGS[arch=*]" = "-D DEBUG";
				PRODUCT_BUNDLE_IDENTIFIER = com.dominik.SwiftyAds;
				PRODUCT_NAME = SwiftyAds;
				SWIFT_OBJC_BRIDGING_HEADER = "";
				SWIFT_VERSION = 3.0;
			};
			name = Debug;
		};
		B4B01A381B9A0AF500F9A8EA /* Release */ = {
			isa = XCBuildConfiguration;
			baseConfigurationReference = 523D8F56078957ECDD773241 /* Pods-SwiftyAds (iOS).release.xcconfig */;
			buildSettings = {
				ASSETCATALOG_COMPILER_APPICON_NAME = AppIcon;
				CODE_SIGN_IDENTITY = "iPhone Developer";
				ENABLE_BITCODE = YES;
				FRAMEWORK_SEARCH_PATHS = (
					"$(inherited)",
					"$(PROJECT_DIR)",
				);
				INFOPLIST_FILE = "$(SRCROOT)/SwiftyAds (iOS)/Info.plist";
				IPHONEOS_DEPLOYMENT_TARGET = 9.0;
				LD_RUNPATH_SEARCH_PATHS = "$(inherited) @executable_path/Frameworks";
				PRODUCT_BUNDLE_IDENTIFIER = com.dominik.SwiftyAds;
				PRODUCT_NAME = SwiftyAds;
				SWIFT_OBJC_BRIDGING_HEADER = "";
				SWIFT_VERSION = 3.0;
			};
			name = Release;
		};
/* End XCBuildConfiguration section */

/* Begin XCConfigurationList section */
		B4A006831CECFCF100A44575 /* Build configuration list for PBXNativeTarget "SwiftyAds (tvOS)" */ = {
			isa = XCConfigurationList;
			buildConfigurations = (
				B4A006841CECFCF100A44575 /* Debug */,
				B4A006851CECFCF100A44575 /* Release */,
			);
			defaultConfigurationIsVisible = 0;
			defaultConfigurationName = Release;
		};
		B4B01A0E1B9A0AF500F9A8EA /* Build configuration list for PBXProject "SwiftyAds" */ = {
			isa = XCConfigurationList;
			buildConfigurations = (
				B4B01A341B9A0AF500F9A8EA /* Debug */,
				B4B01A351B9A0AF500F9A8EA /* Release */,
			);
			defaultConfigurationIsVisible = 0;
			defaultConfigurationName = Release;
		};
		B4B01A361B9A0AF500F9A8EA /* Build configuration list for PBXNativeTarget "SwiftyAds (iOS)" */ = {
			isa = XCConfigurationList;
			buildConfigurations = (
				B4B01A371B9A0AF500F9A8EA /* Debug */,
				B4B01A381B9A0AF500F9A8EA /* Release */,
			);
			defaultConfigurationIsVisible = 0;
			defaultConfigurationName = Release;
		};
/* End XCConfigurationList section */
	};
	rootObject = B4B01A0B1B9A0AF500F9A8EA /* Project object */;
}
